
Microsoft Visual Studio Solution File, Format Version 12.00
# Visual Studio Version 16
VisualStudioVersion = 16.0.30907.101
MinimumVisualStudioVersion = 10.0.40219.1
Project("{FAE04EC0-301F-11D3-BF4B-00C04F79EFBC}") = "ConsoleApp3-HW", "ConsoleApp3-HW\ConsoleApp3-HW.csproj", "{81738486-15C2-4558-888C-366ED86BE4CA}"
EndProject
Global
	GlobalSection(SolutionConfigurationPlatforms) = preSolution
		Debug|Any CPU = Debug|Any CPU
		Release|Any CPU = Release|Any CPU
	EndGlobalSection
	GlobalSection(ProjectConfigurationPlatforms) = postSolution
		{81738486-15C2-4558-888C-366ED86BE4CA}.Debug|Any CPU.ActiveCfg = Debug|Any CPU
		{81738486-15C2-4558-888C-366ED86BE4CA}.Debug|Any CPU.Build.0 = Debug|Any CPU
		{81738486-15C2-4558-888C-366ED86BE4CA}.Release|Any CPU.ActiveCfg = Release|Any CPU
		{81738486-15C2-4558-888C-366ED86BE4CA}.Release|Any CPU.Build.0 = Release|Any CPU
	EndGlobalSection
	GlobalSection(SolutionProperties) = preSolution
		HideSolutionNode = FALSE
	EndGlobalSection
	GlobalSection(ExtensibilityGlobals) = postSolution
		SolutionGuid = {6807D363-A542-420A-B538-91210C84F035}
	EndGlobalSection
EndGlobal
